Microsoft Visual Studio Solution File, Format Version 12.00
# Visual Studio Version 17
VisualStudioVersion = 17.5.2.0
MinimumVisualStudioVersion = 10.0.40219.1
Project("{FAE04EC0-301F-11D3-BF4B-00C04F79EFBC}") = "BindingCar", "BindingCar.csproj", "{57196937-E03F-6111-91F2-A635FC5066C9}"
EndProject
Global
	GlobalSection(SolutionConfigurationPlatforms) = preSolution
		Debug|Any CPU = Debug|Any CPU
		Release|Any CPU = Release|Any CPU
	EndGlobalSection
	GlobalSection(ProjectConfigurationPlatforms) = postSolution
		{57196937-E03F-6111-91F2-A635FC5066C9}.Debug|Any CPU.ActiveCfg = Debug|Any CPU
		{57196937-E03F-6111-91F2-A635FC5066C9}.Debug|Any CPU.Build.0 = Debug|Any CPU
		{57196937-E03F-6111-91F2-A635FC5066C9}.Release|Any CPU.ActiveCfg = Release|Any CPU
		{57196937-E03F-6111-91F2-A635FC5066C9}.Release|Any CPU.Build.0 = Release|Any CPU
	EndGlobalSection
	GlobalSection(SolutionProperties) = preSolution
		HideSolutionNode = FALSE
	EndGlobalSection
	GlobalSection(ExtensibilityGlobals) = postSolution
		SolutionGuid = {3AED6DB1-EA26-4DA8-8C57-D099CDD9CEE0}
	EndGlobalSection
EndGlobal
